
Microsoft Visual Studio Solution File, Format Version 12.00
# Visual Studio Version 16
VisualStudioVersion = 16.0.32228.343
MinimumVisualStudioVersion = 10.0.40219.1
Project("{FAE04EC0-301F-11D3-BF4B-00C04F79EFBC}") = "VariablesAndDataTypes", "VariablesAndDataTypes\VariablesAndDataTypes.csproj", "{B0D0D6DF-1CD1-47C4-8F48-286185969F62}"
EndProject
Global
	GlobalSection(SolutionConfigurationPlatforms) = preSolution
		Debug|Any CPU = Debug|Any CPU
		Release|Any CPU = Release|Any CPU
	EndGlobalSection
	GlobalSection(ProjectConfigurationPlatforms) = postSolution
		{B0D0D6DF-1CD1-47C4-8F48-286185969F62}.Debug|Any CPU.ActiveCfg = Debug|Any CPU
		{B0D0D6DF-1CD1-47C4-8F48-286185969F62}.Debug|Any CPU.Build.0 = Debug|Any CPU
		{B0D0D6DF-1CD1-47C4-8F48-286185969F62}.Release|Any CPU.ActiveCfg = Release|Any CPU
		{B0D0D6DF-1CD1-47C4-8F48-286185969F62}.Release|Any CPU.Build.0 = Release|Any CPU
	EndGlobalSection
	GlobalSection(SolutionProperties) = preSolution
		HideSolutionNode = FALSE
	EndGlobalSection
	GlobalSection(ExtensibilityGlobals) = postSolution
		SolutionGuid = {39355838-4CCD-462A-A5EC-6850F5EF0429}
	EndGlobalSection
EndGlobal
