
Microsoft Visual Studio Solution File, Format Version 12.00
# Visual Studio Version 16
VisualStudioVersion = 16.0.32228.343
MinimumVisualStudioVersion = 10.0.40219.1
Project("{FAE04EC0-301F-11D3-BF4B-00C04F79EFBC}") = "DateTimeAssignment", "DateTimeAssignment\DateTimeAssignment.csproj", "{50DE4417-DF86-4EA1-AE00-931C3ED78BB6}"
EndProject
Global
	GlobalSection(SolutionConfigurationPlatforms) = preSolution
		Debug|Any CPU = Debug|Any CPU
		Release|Any CPU = Release|Any CPU
	EndGlobalSection
	GlobalSection(ProjectConfigurationPlatforms) = postSolution
		{50DE4417-DF86-4EA1-AE00-931C3ED78BB6}.Debug|Any CPU.ActiveCfg = Debug|Any CPU
		{50DE4417-DF86-4EA1-AE00-931C3ED78BB6}.Debug|Any CPU.Build.0 = Debug|Any CPU
		{50DE4417-DF86-4EA1-AE00-931C3ED78BB6}.Release|Any CPU.ActiveCfg = Release|Any CPU
		{50DE4417-DF86-4EA1-AE00-931C3ED78BB6}.Release|Any CPU.Build.0 = Release|Any CPU
	EndGlobalSection
	GlobalSection(SolutionProperties) = preSolution
		HideSolutionNode = FALSE
	EndGlobalSection
	GlobalSection(ExtensibilityGlobals) = postSolution
		SolutionGuid = {8CAD955C-5871-4FAD-88D9-FC636C4586C0}
	EndGlobalSection
EndGlobal
