
Microsoft Visual Studio Solution File, Format Version 12.00
# Visual Studio Version 16
VisualStudioVersion = 16.0.32228.343
MinimumVisualStudioVersion = 10.0.40219.1
Project("{FAE04EC0-301F-11D3-BF4B-00C04F79EFBC}") = "BooleanComparision", "BooleanComparision\BooleanComparision.csproj", "{9DF885F2-9582-4F6D-A974-B5649DF5072F}"
EndProject
Global
	GlobalSection(SolutionConfigurationPlatforms) = preSolution
		Debug|Any CPU = Debug|Any CPU
		Release|Any CPU = Release|Any CPU
	EndGlobalSection
	GlobalSection(ProjectConfigurationPlatforms) = postSolution
		{9DF885F2-9582-4F6D-A974-B5649DF5072F}.Debug|Any CPU.ActiveCfg = Debug|Any CPU
		{9DF885F2-9582-4F6D-A974-B5649DF5072F}.Debug|Any CPU.Build.0 = Debug|Any CPU
		{9DF885F2-9582-4F6D-A974-B5649DF5072F}.Release|Any CPU.ActiveCfg = Release|Any CPU
		{9DF885F2-9582-4F6D-A974-B5649DF5072F}.Release|Any CPU.Build.0 = Release|Any CPU
	EndGlobalSection
	GlobalSection(SolutionProperties) = preSolution
		HideSolutionNode = FALSE
	EndGlobalSection
	GlobalSection(ExtensibilityGlobals) = postSolution
		SolutionGuid = {6BBBD68C-D9B8-4527-8FC7-776F0E6DAF99}
	EndGlobalSection
EndGlobal
