
Microsoft Visual Studio Solution File, Format Version 12.00
# Visual Studio Version 16
VisualStudioVersion = 16.0.32228.343
MinimumVisualStudioVersion = 10.0.40219.1
Project("{FAE04EC0-301F-11D3-BF4B-00C04F79EFBC}") = "Class224Assignment", "Class224Assignment\Class224Assignment.csproj", "{68A1F7CF-9205-4A82-977A-AE456547BD2E}"
EndProject
Global
	GlobalSection(SolutionConfigurationPlatforms) = preSolution
		Debug|Any CPU = Debug|Any CPU
		Release|Any CPU = Release|Any CPU
	EndGlobalSection
	GlobalSection(ProjectConfigurationPlatforms) = postSolution
		{68A1F7CF-9205-4A82-977A-AE456547BD2E}.Debug|Any CPU.ActiveCfg = Debug|Any CPU
		{68A1F7CF-9205-4A82-977A-AE456547BD2E}.Debug|Any CPU.Build.0 = Debug|Any CPU
		{68A1F7CF-9205-4A82-977A-AE456547BD2E}.Release|Any CPU.ActiveCfg = Release|Any CPU
		{68A1F7CF-9205-4A82-977A-AE456547BD2E}.Release|Any CPU.Build.0 = Release|Any CPU
	EndGlobalSection
	GlobalSection(SolutionProperties) = preSolution
		HideSolutionNode = FALSE
	EndGlobalSection
	GlobalSection(ExtensibilityGlobals) = postSolution
		SolutionGuid = {7A227018-0AA8-4734-8FB1-860A506C9F63}
	EndGlobalSection
EndGlobal
